
Microsoft Visual Studio Solution File, Format Version 12.00
# Visual Studio Version 17
VisualStudioVersion = 17.0.31903.59
MinimumVisualStudioVersion = 10.0.40219.1
Project("{FAE04EC0-301F-11D3-BF4B-00C04F79EFBC}") = "WeatherAPI", "WeatherAPI\WeatherAPI.csproj", "{7A1161DB-7F6C-4139-A81B-8A9C310FB3D2}"
EndProject
Project("{FAE04EC0-301F-11D3-BF4B-00C04F79EFBC}") = "ApiGateway", "ApiGateway\ApiGateway.csproj", "{845112B2-8CDD-41C4-A85F-7F3720C0EB0C}"
EndProject
Project("{FAE04EC0-301F-11D3-BF4B-00C04F79EFBC}") = "BlazorApp", "BlazorApp\BlazorApp.csproj", "{ECDDCCA4-EE4F-48D3-90C9-ACC8EE0DF23F}"
EndProject
Global
	GlobalSection(SolutionConfigurationPlatforms) = preSolution
		Debug|Any CPU = Debug|Any CPU
		Debug|x64 = Debug|x64
		Debug|x86 = Debug|x86
		Release|Any CPU = Release|Any CPU
		Release|x64 = Release|x64
		Release|x86 = Release|x86
	EndGlobalSection
	GlobalSection(ProjectConfigurationPlatforms) = postSolution
		{7A1161DB-7F6C-4139-A81B-8A9C310FB3D2}.Debug|Any CPU.ActiveCfg = Debug|Any CPU
		{7A1161DB-7F6C-4139-A81B-8A9C310FB3D2}.Debug|Any CPU.Build.0 = Debug|Any CPU
		{7A1161DB-7F6C-4139-A81B-8A9C310FB3D2}.Debug|x64.ActiveCfg = Debug|Any CPU
		{7A1161DB-7F6C-4139-A81B-8A9C310FB3D2}.Debug|x64.Build.0 = Debug|Any CPU
		{7A1161DB-7F6C-4139-A81B-8A9C310FB3D2}.Debug|x86.ActiveCfg = Debug|Any CPU
		{7A1161DB-7F6C-4139-A81B-8A9C310FB3D2}.Debug|x86.Build.0 = Debug|Any CPU
		{7A1161DB-7F6C-4139-A81B-8A9C310FB3D2}.Release|Any CPU.ActiveCfg = Release|Any CPU
		{7A1161DB-7F6C-4139-A81B-8A9C310FB3D2}.Release|Any CPU.Build.0 = Release|Any CPU
		{7A1161DB-7F6C-4139-A81B-8A9C310FB3D2}.Release|x64.ActiveCfg = Release|Any CPU
		{7A1161DB-7F6C-4139-A81B-8A9C310FB3D2}.Release|x64.Build.0 = Release|Any CPU
		{7A1161DB-7F6C-4139-A81B-8A9C310FB3D2}.Release|x86.ActiveCfg = Release|Any CPU
		{7A1161DB-7F6C-4139-A81B-8A9C310FB3D2}.Release|x86.Build.0 = Release|Any CPU
		{845112B2-8CDD-41C4-A85F-7F3720C0EB0C}.Debug|Any CPU.ActiveCfg = Debug|Any CPU
		{845112B2-8CDD-41C4-A85F-7F3720C0EB0C}.Debug|Any CPU.Build.0 = Debug|Any CPU
		{845112B2-8CDD-41C4-A85F-7F3720C0EB0C}.Debug|x64.ActiveCfg = Debug|Any CPU
		{845112B2-8CDD-41C4-A85F-7F3720C0EB0C}.Debug|x64.Build.0 = Debug|Any CPU
		{845112B2-8CDD-41C4-A85F-7F3720C0EB0C}.Debug|x86.ActiveCfg = Debug|Any CPU
		{845112B2-8CDD-41C4-A85F-7F3720C0EB0C}.Debug|x86.Build.0 = Debug|Any CPU
		{845112B2-8CDD-41C4-A85F-7F3720C0EB0C}.Release|Any CPU.ActiveCfg = Release|Any CPU
		{845112B2-8CDD-41C4-A85F-7F3720C0EB0C}.Release|Any CPU.Build.0 = Release|Any CPU
		{845112B2-8CDD-41C4-A85F-7F3720C0EB0C}.Release|x64.ActiveCfg = Release|Any CPU
		{845112B2-8CDD-41C4-A85F-7F3720C0EB0C}.Release|x64.Build.0 = Release|Any CPU
		{845112B2-8CDD-41C4-A85F-7F3720C0EB0C}.Release|x86.ActiveCfg = Release|Any CPU
		{845112B2-8CDD-41C4-A85F-7F3720C0EB0C}.Release|x86.Build.0 = Release|Any CPU
		{ECDDCCA4-EE4F-48D3-90C9-ACC8EE0DF23F}.Debug|Any CPU.ActiveCfg = Debug|Any CPU
		{ECDDCCA4-EE4F-48D3-90C9-ACC8EE0DF23F}.Debug|Any CPU.Build.0 = Debug|Any CPU
		{ECDDCCA4-EE4F-48D3-90C9-ACC8EE0DF23F}.Debug|x64.ActiveCfg = Debug|Any CPU
		{ECDDCCA4-EE4F-48D3-90C9-ACC8EE0DF23F}.Debug|x64.Build.0 = Debug|Any CPU
		{ECDDCCA4-EE4F-48D3-90C9-ACC8EE0DF23F}.Debug|x86.ActiveCfg = Debug|Any CPU
		{ECDDCCA4-EE4F-48D3-90C9-ACC8EE0DF23F}.Debug|x86.Build.0 = Debug|Any CPU
		{ECDDCCA4-EE4F-48D3-90C9-ACC8EE0DF23F}.Release|Any CPU.ActiveCfg = Release|Any CPU
		{ECDDCCA4-EE4F-48D3-90C9-ACC8EE0DF23F}.Release|Any CPU.Build.0 = Release|Any CPU
		{ECDDCCA4-EE4F-48D3-90C9-ACC8EE0DF23F}.Release|x64.ActiveCfg = Release|Any CPU
		{ECDDCCA4-EE4F-48D3-90C9-ACC8EE0DF23F}.Release|x64.Build.0 = Release|Any CPU
		{ECDDCCA4-EE4F-48D3-90C9-ACC8EE0DF23F}.Release|x86.ActiveCfg = Release|Any CPU
		{ECDDCCA4-EE4F-48D3-90C9-ACC8EE0DF23F}.Release|x86.Build.0 = Release|Any CPU
	EndGlobalSection
	GlobalSection(SolutionProperties) = preSolution
		HideSolutionNode = FALSE
	EndGlobalSection
EndGlobal
